// !$*UTF8*$!
{
	archiveVersion = 1;
	classes = {
	};
	objectVersion = 56;
	objects = {

/* Begin PBXBuildFile section */
		FA3CEA3A2AE7CF6E0038D2A9 /* AppearencViewController.swift in Sources */ = {isa = PBXBuildFile; fileRef = FA3CEA392AE7CF6E0038D2A9 /* AppearencViewController.swift */; };
		FA3CEA3C2AE7CFAD0038D2A9 /* InfoViewController.swift in Sources */ = {isa = PBXBuildFile; fileRef = FA3CEA3B2AE7CFAD0038D2A9 /* InfoViewController.swift */; };
		FA6BFD5A2AE6904800889DC1 /* AppDelegate.swift in Sources */ = {isa = PBXBuildFile; fileRef = FA6BFD592AE6904800889DC1 /* AppDelegate.swift */; };
		FA6BFD5C2AE6904800889DC1 /* SceneDelegate.swift in Sources */ = {isa = PBXBuildFile; fileRef = FA6BFD5B2AE6904800889DC1 /* SceneDelegate.swift */; };
		FA6BFD5E2AE6904800889DC1 /* ViewController.swift in Sources */ = {isa = PBXBuildFile; fileRef = FA6BFD5D2AE6904800889DC1 /* ViewController.swift */; };
		FA6BFD612AE6904800889DC1 /* Main.storyboard in Resources */ = {isa = PBXBuildFile; fileRef = FA6BFD5F2AE6904800889DC1 /* Main.storyboard */; };
		FA6BFD632AE6904C00889DC1 /* Assets.xcassets in Resources */ = {isa = PBXBuildFile; fileRef = FA6BFD622AE6904C00889DC1 /* Assets.xcassets */; };
		FA6BFD662AE6904C00889DC1 /* LaunchScreen.storyboard in Resources */ = {isa = PBXBuildFile; fileRef = FA6BFD642AE6904C00889DC1 /* LaunchScreen.storyboard */; };
/* End PBXBuildFile section */

/* Begin PBXFileReference section */
		FA3CEA392AE7CF6E0038D2A9 /* AppearencViewController.swift */ = {isa = PBXFileReference; lastKnownFileType = sourcecode.swift; path = AppearencViewController.swift; sourceTree = "<group>"; };
		FA3CEA3B2AE7CFAD0038D2A9 /* InfoViewController.swift */ = {isa = PBXFileReference; lastKnownFileType = sourcecode.swift; path = InfoViewController.swift; sourceTree = "<group>"; };
		FA6BFD562AE6904800889DC1 /* CalendarDayFinderApp.app */ = {isa = PBXFileReference; explicitFileType = wrapper.application; includeInIndex = 0; path = CalendarDayFinderApp.app; sourceTree = BUILT_PRODUCTS_DIR; };
		FA6BFD592AE6904800889DC1 /* AppDelegate.swift */ = {isa = PBXFileReference; lastKnownFileType = sourcecode.swift; path = AppDelegate.swift; sourceTree = "<group>"; };
		FA6BFD5B2AE6904800889DC1 /* SceneDelegate.swift */ = {isa = PBXFileReference; lastKnownFileType = sourcecode.swift; path = SceneDelegate.swift; sourceTree = "<group>"; };
		FA6BFD5D2AE6904800889DC1 /* ViewController.swift */ = {isa = PBXFileReference; lastKnownFileType = sourcecode.swift; path = ViewController.swift; sourceTree = "<group>"; };
		FA6BFD602AE6904800889DC1 /* Base */ = {isa = PBXFileReference; lastKnownFileType = file.storyboard; name = Base; path = Base.lproj/Main.storyboard; sourceTree = "<group>"; };
		FA6BFD622AE6904C00889DC1 /* Assets.xcassets */ = {isa = PBXFileReference; lastKnownFileType = folder.assetcatalog; path = Assets.xcassets; sourceTree = "<group>"; };
		FA6BFD652AE6904C00889DC1 /* Base */ = {isa = PBXFileReference; lastKnownFileType = file.storyboard; name = Base; path = Base.lproj/LaunchScreen.storyboard; sourceTree = "<group>"; };
		FA6BFD672AE6904C00889DC1 /* Info.plist */ = {isa = PBXFileReference; lastKnownFileType = text.plist.xml; path = Info.plist; sourceTree = "<group>"; };
/* End PBXFileReference section */

/* Begin PBXFrameworksBuildPhase section */
		FA6BFD532AE6904800889DC1 /* Frameworks */ = {
			isa = PBXFrameworksBuildPhase;
			buildActionMask = 2147483647;
			files = (
			);
			runOnlyForDeploymentPostprocessing = 0;
		};
/* End PBXFrameworksBuildPhase section */

/* Begin PBXGroup section */
		FA3CEA362AE7C7820038D2A9 /* Controller */ = {
			isa = PBXGroup;
			children = (
				FA6BFD5D2AE6904800889DC1 /* ViewController.swift */,
				FA3CEA392AE7CF6E0038D2A9 /* AppearencViewController.swift */,
				FA3CEA3B2AE7CFAD0038D2A9 /* InfoViewController.swift */,
			);
			path = Controller;
			sourceTree = "<group>";
		};
		FA3CEA372AE7C7A10038D2A9 /* View */ = {
			isa = PBXGroup;
			children = (
				FA6BFD5F2AE6904800889DC1 /* Main.storyboard */,
				FA6BFD642AE6904C00889DC1 /* LaunchScreen.storyboard */,
			);
			path = View;
			sourceTree = "<group>";
		};
		FA3CEA382AE7C7C20038D2A9 /* AppDelegate */ = {
			isa = PBXGroup;
			children = (
				FA6BFD592AE6904800889DC1 /* AppDelegate.swift */,
				FA6BFD5B2AE6904800889DC1 /* SceneDelegate.swift */,
			);
			path = AppDelegate;
			sourceTree = "<group>";
		};
		FA6BFD4D2AE6904800889DC1 = {
			isa = PBXGroup;
			children = (
				FA6BFD582AE6904800889DC1 /* CalendarDayFinderApp */,
				FA6BFD572AE6904800889DC1 /* Products */,
			);
			sourceTree = "<group>";
		};
		FA6BFD572AE6904800889DC1 /* Products */ = {
			isa = PBXGroup;
			children = (
				FA6BFD562AE6904800889DC1 /* CalendarDayFinderApp.app */,
			);
			name = Products;
			sourceTree = "<group>";
		};
		FA6BFD582AE6904800889DC1 /* CalendarDayFinderApp */ = {
			isa = PBXGroup;
			children = (
				FA3CEA382AE7C7C20038D2A9 /* AppDelegate */,
				FA3CEA362AE7C7820038D2A9 /* Controller */,
				FA3CEA372AE7C7A10038D2A9 /* View */,
				FA6BFD622AE6904C00889DC1 /* Assets.xcassets */,
				FA6BFD672AE6904C00889DC1 /* Info.plist */,
			);
			path = CalendarDayFinderApp;
			sourceTree = "<group>";
		};
/* End PBXGroup section */

/* Begin PBXNativeTarget section */
		FA6BFD552AE6904800889DC1 /* CalendarDayFinderApp */ = {
			isa = PBXNativeTarget;
			buildConfigurationList = FA6BFD6A2AE6904C00889DC1 /* Build configuration list for PBXNativeTarget "CalendarDayFinderApp" */;
			buildPhases = (
				FA6BFD522AE6904800889DC1 /* Sources */,
				FA6BFD532AE6904800889DC1 /* Frameworks */,
				FA6BFD542AE6904800889DC1 /* Resources */,
			);
			buildRules = (
			);
			dependencies = (
			);
			name = CalendarDayFinderApp;
			productName = CalendarDayFinderApp;
			productReference = FA6BFD562AE6904800889DC1 /* CalendarDayFinderApp.app */;
			productType = "com.apple.product-type.application";
		};
/* End PBXNativeTarget section */

/* Begin PBXProject section */
		FA6BFD4E2AE6904800889DC1 /* Project object */ = {
			isa = PBXProject;
			attributes = {
				BuildIndependentTargetsInParallel = 1;
				LastSwiftUpdateCheck = 1500;
				LastUpgradeCheck = 1500;
				TargetAttributes = {
					FA6BFD552AE6904800889DC1 = {
						CreatedOnToolsVersion = 15.0.1;
					};
				};
			};
			buildConfigurationList = FA6BFD512AE6904800889DC1 /* Build configuration list for PBXProject "CalendarDayFinderApp" */;
			compatibilityVersion = "Xcode 14.0";
			developmentRegion = en;
			hasScannedForEncodings = 0;
			knownRegions = (
				en,
				Base,
			);
			mainGroup = FA6BFD4D2AE6904800889DC1;
			productRefGroup = FA6BFD572AE6904800889DC1 /* Products */;
			projectDirPath = "";
			projectRoot = "";
			targets = (
				FA6BFD552AE6904800889DC1 /* CalendarDayFinderApp */,
			);
		};
/* End PBXProject section */

/* Begin PBXResourcesBuildPhase section */
		FA6BFD542AE6904800889DC1 /* Resources */ = {
			isa = PBXResourcesBuildPhase;
			buildActionMask = 2147483647;
			files = (
				FA6BFD662AE6904C00889DC1 /* LaunchScreen.storyboard in Resources */,
				FA6BFD632AE6904C00889DC1 /* Assets.xcassets in Resources */,
				FA6BFD612AE6904800889DC1 /* Main.storyboard in Resources */,
			);
			runOnlyForDeploymentPostprocessing = 0;
		};
/* End PBXResourcesBuildPhase section */

/* Begin PBXSourcesBuildPhase section */
		FA6BFD522AE6904800889DC1 /* Sources */ = {
			isa = PBXSourcesBuildPhase;
			buildActionMask = 2147483647;
			files = (
				FA6BFD5E2AE6904800889DC1 /* ViewController.swift in Sources */,
				FA6BFD5A2AE6904800889DC1 /* AppDelegate.swift in Sources */,
				FA3CEA3A2AE7CF6E0038D2A9 /* AppearencViewController.swift in Sources */,
				FA6BFD5C2AE6904800889DC1 /* SceneDelegate.swift in Sources */,
				FA3CEA3C2AE7CFAD0038D2A9 /* InfoViewController.swift in Sources */,
			);
			runOnlyForDeploymentPostprocessing = 0;
		};
/* End PBXSourcesBuildPhase section */

/* Begin PBXVariantGroup section */
		FA6BFD5F2AE6904800889DC1 /* Main.storyboard */ = {
			isa = PBXVariantGroup;
			children = (
				FA6BFD602AE6904800889DC1 /* Base */,
			);
			name = Main.storyboard;
			sourceTree = "<group>";
		};
		FA6BFD642AE6904C00889DC1 /* LaunchScreen.storyboard */ = {
			isa = PBXVariantGroup;
			children = (
				FA6BFD652AE6904C00889DC1 /* Base */,
			);
			name = LaunchScreen.storyboard;
			sourceTree = "<group>";
		};
/* End PBXVariantGroup section */

/* Begin XCBuildConfiguration section */
		FA6BFD682AE6904C00889DC1 /* Debug */ = {
			isa = XCBuildConfiguration;
			buildSettings = {
				ALWAYS_SEARCH_USER_PATHS = NO;
				ASSETCATALOG_COMPILER_GENERATE_SWIFT_ASSET_SYMBOL_EXTENSIONS = YES;
				CLANG_ANALYZER_NONNULL = YES;
				CLANG_ANALYZER_NUMBER_OBJECT_CONVERSION = YES_AGGRESSIVE;
				CLANG_CXX_LANGUAGE_STANDARD = "gnu++20";
				CLANG_ENABLE_MODULES = YES;
				CLANG_ENABLE_OBJC_ARC = YES;
				CLANG_ENABLE_OBJC_WEAK = YES;
				CLANG_WARN_BLOCK_CAPTURE_AUTORELEASING = YES;
				CLANG_WARN_BOOL_CONVERSION = YES;
				CLANG_WARN_COMMA = YES;
				CLANG_WARN_CONSTANT_CONVERSION = YES;
				CLANG_WARN_DEPRECATED_OBJC_IMPLEMENTATIONS = YES;
				CLANG_WARN_DIRECT_OBJC_ISA_USAGE = YES_ERROR;
				CLANG_WARN_DOCUMENTATION_COMMENTS = YES;
				CLANG_WARN_EMPTY_BODY = YES;
				CLANG_WARN_ENUM_CONVERSION = YES;
				CLANG_WARN_INFINITE_RECURSION = YES;
				CLANG_WARN_INT_CONVERSION = YES;
				CLANG_WARN_NON_LITERAL_NULL_CONVERSION = YES;
				CLANG_WARN_OBJC_IMPLICIT_RETAIN_SELF = YES;
				CLANG_WARN_OBJC_LITERAL_CONVERSION = YES;
				CLANG_WARN_OBJC_ROOT_CLASS = YES_ERROR;
				CLANG_WARN_QUOTED_INCLUDE_IN_FRAMEWORK_HEADER = YES;
				CLANG_WARN_RANGE_LOOP_ANALYSIS = YES;
				CLANG_WARN_STRICT_PROTOTYPES = YES;
				CLANG_WARN_SUSPICIOUS_MOVE = YES;
				CLANG_WARN_UNGUARDED_AVAILABILITY = YES_AGGRESSIVE;
				CLANG_WARN_UNREACHABLE_CODE = YES;
				CLANG_WARN__DUPLICATE_METHOD_MATCH = YES;
				COPY_PHASE_STRIP = NO;
				DEBUG_INFORMATION_FORMAT = dwarf;
				ENABLE_STRICT_OBJC_MSGSEND = YES;
				ENABLE_TESTABILITY = YES;
				ENABLE_USER_SCRIPT_SANDBOXING = YES;
				GCC_C_LANGUAGE_STANDARD = gnu17;
				GCC_DYNAMIC_NO_PIC = NO;
				GCC_NO_COMMON_BLOCKS = YES;
				GCC_OPTIMIZATION_LEVEL = 0;
				GCC_PREPROCESSOR_DEFINITIONS = (
					"DEBUG=1",
					"$(inherited)",
				);
				GCC_WARN_64_TO_32_BIT_CONVERSION = YES;
				GCC_WARN_ABOUT_RETURN_TYPE = YES_ERROR;
				GCC_WARN_UNDECLARED_SELECTOR = YES;
				GCC_WARN_UNINITIALIZED_AUTOS = YES_AGGRESSIVE;
				GCC_WARN_UNUSED_FUNCTION = YES;
				GCC_WARN_UNUSED_VARIABLE = YES;
				IPHONEOS_DEPLOYMENT_TARGET = 17.0;
				LOCALIZATION_PREFERS_STRING_CATALOGS = YES;
				MTL_ENABLE_DEBUG_INFO = INCLUDE_SOURCE;
				MTL_FAST_MATH = YES;
				ONLY_ACTIVE_ARCH = YES;
				SDKROOT = iphoneos;
				SWIFT_ACTIVE_COMPILATION_CONDITIONS = "DEBUG $(inherited)";
				SWIFT_OPTIMIZATION_LEVEL = "-Onone";
			};
			name = Debug;
		};
		FA6BFD692AE6904C00889DC1 /* Release */ = {
			isa = XCBuildConfiguration;
			buildSettings = {
				ALWAYS_SEARCH_USER_PATHS = NO;
				ASSETCATALOG_COMPILER_GENERATE_SWIFT_ASSET_SYMBOL_EXTENSIONS = YES;
				CLANG_ANALYZER_NONNULL = YES;
				CLANG_ANALYZER_NUMBER_OBJECT_CONVERSION = YES_AGGRESSIVE;
				CLANG_CXX_LANGUAGE_STANDARD = "gnu++20";
				CLANG_ENABLE_MODULES = YES;
				CLANG_ENABLE_OBJC_ARC = YES;
				CLANG_ENABLE_OBJC_WEAK = YES;
				CLANG_WARN_BLOCK_CAPTURE_AUTORELEASING = YES;
				CLANG_WARN_BOOL_CONVERSION = YES;
				CLANG_WARN_COMMA = YES;
				CLANG_WARN_CONSTANT_CONVERSION = YES;
				CLANG_WARN_DEPRECATED_OBJC_IMPLEMENTATIONS = YES;
				CLANG_WARN_DIRECT_OBJC_ISA_USAGE = YES_ERROR;
				CLANG_WARN_DOCUMENTATION_COMMENTS = YES;
				CLANG_WARN_EMPTY_BODY = YES;
				CLANG_WARN_ENUM_CONVERSION = YES;
				CLANG_WARN_INFINITE_RECURSION = YES;
				CLANG_WARN_INT_CONVERSION = YES;
				CLANG_WARN_NON_LITERAL_NULL_CONVERSION = YES;
				CLANG_WARN_OBJC_IMPLICIT_RETAIN_SELF = YES;
				CLANG_WARN_OBJC_LITERAL_CONVERSION = YES;
				CLANG_WARN_OBJC_ROOT_CLASS = YES_ERROR;
				CLANG_WARN_QUOTED_INCLUDE_IN_FRAMEWORK_HEADER = YES;
				CLANG_WARN_RANGE_LOOP_ANALYSIS = YES;
				CLANG_WARN_STRICT_PROTOTYPES = YES;
				CLANG_WARN_SUSPICIOUS_MOVE = YES;
				CLANG_WARN_UNGUARDED_AVAILABILITY = YES_AGGRESSIVE;
				CLANG_WARN_UNREACHABLE_CODE = YES;
				CLANG_WARN__DUPLICATE_METHOD_MATCH = YES;
				COPY_PHASE_STRIP = NO;
				DEBUG_INFORMATION_FORMAT = "dwarf-with-dsym";
				ENABLE_NS_ASSERTIONS = NO;
				ENABLE_STRICT_OBJC_MSGSEND = YES;
				ENABLE_USER_SCRIPT_SANDBOXING = YES;
				GCC_C_LANGUAGE_STANDARD = gnu17;
				GCC_NO_COMMON_BLOCKS = YES;
				GCC_WARN_64_TO_32_BIT_CONVERSION = YES;
				GCC_WARN_ABOUT_RETURN_TYPE = YES_ERROR;
				GCC_WARN_UNDECLARED_SELECTOR = YES;
				GCC_WARN_UNINITIALIZED_AUTOS = YES_AGGRESSIVE;
				GCC_WARN_UNUSED_FUNCTION = YES;
				GCC_WARN_UNUSED_VARIABLE = YES;
				IPHONEOS_DEPLOYMENT_TARGET = 17.0;
				LOCALIZATION_PREFERS_STRING_CATALOGS = YES;
				MTL_ENABLE_DEBUG_INFO = NO;
				MTL_FAST_MATH = YES;
				SDKROOT = iphoneos;
				SWIFT_COMPILATION_MODE = wholemodule;
				VALIDATE_PRODUCT = YES;
			};
			name = Release;
		};
		FA6BFD6B2AE6904C00889DC1 /* Debug */ = {
			isa = XCBuildConfiguration;
			buildSettings = {
				ASSETCATALOG_COMPILER_APPICON_NAME = AppIcon;
				ASSETCATALOG_COMPILER_GLOBAL_ACCENT_COLOR_NAME = AccentColor;
				CODE_SIGN_STYLE = Automatic;
				CURRENT_PROJECT_VERSION = 1;
				GENERATE_INFOPLIST_FILE = YES;
				INFOPLIST_FILE = CalendarDayFinderApp/Info.plist;
				INFOPLIST_KEY_UIApplicationSupportsIndirectInputEvents = YES;
				INFOPLIST_KEY_UILaunchStoryboardName = LaunchScreen;
				INFOPLIST_KEY_UIMainStoryboardFile = Main;
				INFOPLIST_KEY_UISupportedInterfaceOrientations_iPad = "UIInterfaceOrientationPortrait UIInterfaceOrientationPortraitUpsideDown UIInterfaceOrientationLandscapeLeft UIInterfaceOrientationLandscapeRight";
				INFOPLIST_KEY_UISupportedInterfaceOrientations_iPhone = "UIInterfaceOrientationPortrait UIInterfaceOrientationLandscapeLeft UIInterfaceOrientationLandscapeRight";
				LD_RUNPATH_SEARCH_PATHS = (
					"$(inherited)",
					"@executable_path/Frameworks",
				);
				MARKETING_VERSION = 1.0;
				PRODUCT_BUNDLE_IDENTIFIER = "com.accentureboothcamp-lg.CalendarDayFinderApp";
				PRODUCT_NAME = "$(TARGET_NAME)";
				SWIFT_EMIT_LOC_STRINGS = YES;
				SWIFT_VERSION = 5.0;
				TARGETED_DEVICE_FAMILY = "1,2";
			};
			name = Debug;
		};
		FA6BFD6C2AE6904C00889DC1 /* Release */ = {
			isa = XCBuildConfiguration;
			buildSettings = {
				ASSETCATALOG_COMPILER_APPICON_NAME = AppIcon;
				ASSETCATALOG_COMPILER_GLOBAL_ACCENT_COLOR_NAME = AccentColor;
				CODE_SIGN_STYLE = Automatic;
				CURRENT_PROJECT_VERSION = 1;
				GENERATE_INFOPLIST_FILE = YES;
				INFOPLIST_FILE = CalendarDayFinderApp/Info.plist;
				INFOPLIST_KEY_UIApplicationSupportsIndirectInputEvents = YES;
				INFOPLIST_KEY_UILaunchStoryboardName = LaunchScreen;
				INFOPLIST_KEY_UIMainStoryboardFile = Main;
				INFOPLIST_KEY_UISupportedInterfaceOrientations_iPad = "UIInterfaceOrientationPortrait UIInterfaceOrientationPortraitUpsideDown UIInterfaceOrientationLandscapeLeft UIInterfaceOrientationLandscapeRight";
				INFOPLIST_KEY_UISupportedInterfaceOrientations_iPhone = "UIInterfaceOrientationPortrait UIInterfaceOrientationLandscapeLeft UIInterfaceOrientationLandscapeRight";
				LD_RUNPATH_SEARCH_PATHS = (
					"$(inherited)",
					"@executable_path/Frameworks",
				);
				MARKETING_VERSION = 1.0;
				PRODUCT_BUNDLE_IDENTIFIER = "com.accentureboothcamp-lg.CalendarDayFinderApp";
				PRODUCT_NAME = "$(TARGET_NAME)";
				SWIFT_EMIT_LOC_STRINGS = YES;
				SWIFT_VERSION = 5.0;
				TARGETED_DEVICE_FAMILY = "1,2";
			};
			name = Release;
		};
/* End XCBuildConfiguration section */

/* Begin XCConfigurationList section */
		FA6BFD512AE6904800889DC1 /* Build configuration list for PBXProject "CalendarDayFinderApp" */ = {
			isa = XCConfigurationList;
			buildConfigurations = (
				FA6BFD682AE6904C00889DC1 /* Debug */,
				FA6BFD692AE6904C00889DC1 /* Release */,
			);
			defaultConfigurationIsVisible = 0;
			defaultConfigurationName = Release;
		};
		FA6BFD6A2AE6904C00889DC1 /* Build configuration list for PBXNativeTarget "CalendarDayFinderApp" */ = {
			isa = XCConfigurationList;
			buildConfigurations = (
				FA6BFD6B2AE6904C00889DC1 /* Debug */,
				FA6BFD6C2AE6904C00889DC1 /* Release */,
			);
			defaultConfigurationIsVisible = 0;
			defaultConfigurationName = Release;
		};
/* End XCConfigurationList section */
	};
	rootObject = FA6BFD4E2AE6904800889DC1 /* Project object */;
}
